
Microsoft Visual Studio Solution File, Format Version 12.00
# Visual Studio Version 16
VisualStudioVersion = 25.0.1706.0
MinimumVisualStudioVersion = 10.0.40219.1
Project("{FAE04EC0-301F-11D3-BF4B-00C04F79EFBC}") = "Product.API", "Product.API\Product.API.csproj", "{8A9DA923-E6BC-49AD-BA20-09A697606CE2}"
EndProject
Project("{FAE04EC0-301F-11D3-BF4B-00C04F79EFBC}") = "Product.UnitTests", "Product.UnitTests\Product.UnitTests.csproj", "{30EF9F12-77E0-45C8-B273-694A3D2A9C32}"
EndProject
Global
	GlobalSection(SolutionConfigurationPlatforms) = preSolution
		Debug|Any CPU = Debug|Any CPU
		Release|Any CPU = Release|Any CPU
	EndGlobalSection
	GlobalSection(ProjectConfigurationPlatforms) = postSolution
		{8A9DA923-E6BC-49AD-BA20-09A697606CE2}.Debug|Any CPU.ActiveCfg = Debug|Any CPU
		{8A9DA923-E6BC-49AD-BA20-09A697606CE2}.Debug|Any CPU.Build.0 = Debug|Any CPU
		{8A9DA923-E6BC-49AD-BA20-09A697606CE2}.Release|Any CPU.ActiveCfg = Release|Any CPU
		{8A9DA923-E6BC-49AD-BA20-09A697606CE2}.Release|Any CPU.Build.0 = Release|Any CPU
		{30EF9F12-77E0-45C8-B273-694A3D2A9C32}.Debug|Any CPU.ActiveCfg = Debug|Any CPU
		{30EF9F12-77E0-45C8-B273-694A3D2A9C32}.Debug|Any CPU.Build.0 = Debug|Any CPU
		{30EF9F12-77E0-45C8-B273-694A3D2A9C32}.Release|Any CPU.ActiveCfg = Release|Any CPU
		{30EF9F12-77E0-45C8-B273-694A3D2A9C32}.Release|Any CPU.Build.0 = Release|Any CPU
	EndGlobalSection
	GlobalSection(SolutionProperties) = preSolution
		HideSolutionNode = FALSE
	EndGlobalSection
	GlobalSection(ExtensibilityGlobals) = postSolution
		SolutionGuid = {2F320DBB-BC86-4C2C-BB20-44223E217ECA}
	EndGlobalSection
EndGlobal
